{
  "originHash" : "cf5415d3367caf8877106946cf64a20d7e408226300ec1c1ff1ec87fd992a261",
  "pins" : [
    {
      "identity" : "amplitude-swift",
      "kind" : "remoteSourceControl",
      "location" : "https://github.com/amplitude/Amplitude-Swift",
      "state" : {
        "revision" : "902ad13079a6bbf931ac9f3eee643305518ef898",
        "version" : "1.15.5"
      }
    },
    {
      "identity" : "amplitudecore-swift",
      "kind" : "remoteSourceControl",
      "location" : "https://github.com/amplitude/AmplitudeCore-Swift.git",
      "state" : {
        "revision" : "a6d9b60ce2426d5abcec98a9559930c4b6be0a3b",
        "version" : "1.5.2"
      }
    },
    {
      "identity" : "analytics-connector-ios",
      "kind" : "remoteSourceControl",
      "location" : "https://github.com/amplitude/analytics-connector-ios.git",
      "state" : {
        "revision" : "6d1a5b9666192861342b70ea0b2274180a5e1d4f",
        "version" : "1.3.3"
      }
    }
  ],
  "version" : 3
}
